
Microsoft Visual Studio Solution File, Format Version 12.00
# Visual Studio Version 17
VisualStudioVersion = 17.6.33815.320
MinimumVisualStudioVersion = 10.0.40219.1
Project("{FAE04EC0-301F-11D3-BF4B-00C04F79EFBC}") = "Szofttech_I_GYAK", "Szofttech_I_GYAK\Szofttech_I_GYAK.csproj", "{3F05292F-1D6D-4B83-BC35-D919F83EAAB1}"
EndProject
Project("{FAE04EC0-301F-11D3-BF4B-00C04F79EFBC}") = "Masodfoku", "Masodfoku\Masodfoku.csproj", "{C16BFD73-8F2C-4B54-B7CF-1CD493522F2D}"
EndProject
Project("{FAE04EC0-301F-11D3-BF4B-00C04F79EFBC}") = "sokgomb", "sokgomb\sokgomb.csproj", "{01298F21-4BBA-46F1-85E1-8B5609756242}"
EndProject
Project("{FAE04EC0-301F-11D3-BF4B-00C04F79EFBC}") = "Fibonacci", "Fibonacci\Fibonacci.csproj", "{D7AF8ADA-BF18-430B-834D-7AB137CFB9CD}"
EndProject
Global
	GlobalSection(SolutionConfigurationPlatforms) = preSolution
		Debug|Any CPU = Debug|Any CPU
		Release|Any CPU = Release|Any CPU
	EndGlobalSection
	GlobalSection(ProjectConfigurationPlatforms) = postSolution
		{3F05292F-1D6D-4B83-BC35-D919F83EAAB1}.Debug|Any CPU.ActiveCfg = Debug|Any CPU
		{3F05292F-1D6D-4B83-BC35-D919F83EAAB1}.Debug|Any CPU.Build.0 = Debug|Any CPU
		{3F05292F-1D6D-4B83-BC35-D919F83EAAB1}.Release|Any CPU.ActiveCfg = Release|Any CPU
		{3F05292F-1D6D-4B83-BC35-D919F83EAAB1}.Release|Any CPU.Build.0 = Release|Any CPU
		{C16BFD73-8F2C-4B54-B7CF-1CD493522F2D}.Debug|Any CPU.ActiveCfg = Debug|Any CPU
		{C16BFD73-8F2C-4B54-B7CF-1CD493522F2D}.Debug|Any CPU.Build.0 = Debug|Any CPU
		{C16BFD73-8F2C-4B54-B7CF-1CD493522F2D}.Release|Any CPU.ActiveCfg = Release|Any CPU
		{C16BFD73-8F2C-4B54-B7CF-1CD493522F2D}.Release|Any CPU.Build.0 = Release|Any CPU
		{01298F21-4BBA-46F1-85E1-8B5609756242}.Debug|Any CPU.ActiveCfg = Debug|Any CPU
		{01298F21-4BBA-46F1-85E1-8B5609756242}.Debug|Any CPU.Build.0 = Debug|Any CPU
		{01298F21-4BBA-46F1-85E1-8B5609756242}.Release|Any CPU.ActiveCfg = Release|Any CPU
		{01298F21-4BBA-46F1-85E1-8B5609756242}.Release|Any CPU.Build.0 = Release|Any CPU
		{D7AF8ADA-BF18-430B-834D-7AB137CFB9CD}.Debug|Any CPU.ActiveCfg = Debug|Any CPU
		{D7AF8ADA-BF18-430B-834D-7AB137CFB9CD}.Debug|Any CPU.Build.0 = Debug|Any CPU
		{D7AF8ADA-BF18-430B-834D-7AB137CFB9CD}.Release|Any CPU.ActiveCfg = Release|Any CPU
		{D7AF8ADA-BF18-430B-834D-7AB137CFB9CD}.Release|Any CPU.Build.0 = Release|Any CPU
	EndGlobalSection
	GlobalSection(SolutionProperties) = preSolution
		HideSolutionNode = FALSE
	EndGlobalSection
	GlobalSection(ExtensibilityGlobals) = postSolution
		SolutionGuid = {089C344A-5087-42B2-A570-C09AFF6FFF37}
	EndGlobalSection
EndGlobal
